
Microsoft Visual Studio Solution File, Format Version 12.00
# Visual Studio Version 17
VisualStudioVersion = 17.2.32616.157
MinimumVisualStudioVersion = 10.0.40219.1
Project("{2150E333-8FDC-42A3-9474-1A3956D46DE8}") = "CreationalPatterns", "CreationalPatterns", "{428B3FDE-9E6C-48D8-A85B-E2D7C6FCFDCD}"
EndProject
Project("{9A19103F-16F7-4668-BE54-9A1E7A4F7556}") = "FactoryMethod", "FactoryMethod\FactoryMethod.csproj", "{7C661E6C-A389-4586-8FF8-15E9B0441446}"
EndProject
Project("{9A19103F-16F7-4668-BE54-9A1E7A4F7556}") = "FactoryMethod1", "FactoryMethod1\FactoryMethod1.csproj", "{24DD32D6-7FAC-42D8-B8B6-F0F548303A1F}"
EndProject
Project("{9A19103F-16F7-4668-BE54-9A1E7A4F7556}") = "SingleTon", "SingleTon\SingleTon.csproj", "{8EEABFA7-AEF4-469A-B99B-911492B3425A}"
EndProject
Project("{9A19103F-16F7-4668-BE54-9A1E7A4F7556}") = "ObserverPattern", "Observer\ObserverPattern.csproj", "{527DB3C0-9492-4E38-876C-CC1148A259E8}"
EndProject
Global
	GlobalSection(SolutionConfigurationPlatforms) = preSolution
		Debug|Any CPU = Debug|Any CPU
		Release|Any CPU = Release|Any CPU
	EndGlobalSection
	GlobalSection(ProjectConfigurationPlatforms) = postSolution
		{7C661E6C-A389-4586-8FF8-15E9B0441446}.Debug|Any CPU.ActiveCfg = Debug|Any CPU
		{7C661E6C-A389-4586-8FF8-15E9B0441446}.Debug|Any CPU.Build.0 = Debug|Any CPU
		{7C661E6C-A389-4586-8FF8-15E9B0441446}.Release|Any CPU.ActiveCfg = Release|Any CPU
		{7C661E6C-A389-4586-8FF8-15E9B0441446}.Release|Any CPU.Build.0 = Release|Any CPU
		{24DD32D6-7FAC-42D8-B8B6-F0F548303A1F}.Debug|Any CPU.ActiveCfg = Debug|Any CPU
		{24DD32D6-7FAC-42D8-B8B6-F0F548303A1F}.Debug|Any CPU.Build.0 = Debug|Any CPU
		{24DD32D6-7FAC-42D8-B8B6-F0F548303A1F}.Release|Any CPU.ActiveCfg = Release|Any CPU
		{24DD32D6-7FAC-42D8-B8B6-F0F548303A1F}.Release|Any CPU.Build.0 = Release|Any CPU
		{8EEABFA7-AEF4-469A-B99B-911492B3425A}.Debug|Any CPU.ActiveCfg = Debug|Any CPU
		{8EEABFA7-AEF4-469A-B99B-911492B3425A}.Debug|Any CPU.Build.0 = Debug|Any CPU
		{8EEABFA7-AEF4-469A-B99B-911492B3425A}.Release|Any CPU.ActiveCfg = Release|Any CPU
		{8EEABFA7-AEF4-469A-B99B-911492B3425A}.Release|Any CPU.Build.0 = Release|Any CPU
		{527DB3C0-9492-4E38-876C-CC1148A259E8}.Debug|Any CPU.ActiveCfg = Debug|Any CPU
		{527DB3C0-9492-4E38-876C-CC1148A259E8}.Debug|Any CPU.Build.0 = Debug|Any CPU
		{527DB3C0-9492-4E38-876C-CC1148A259E8}.Release|Any CPU.ActiveCfg = Release|Any CPU
		{527DB3C0-9492-4E38-876C-CC1148A259E8}.Release|Any CPU.Build.0 = Release|Any CPU
	EndGlobalSection
	GlobalSection(SolutionProperties) = preSolution
		HideSolutionNode = FALSE
	EndGlobalSection
	GlobalSection(NestedProjects) = preSolution
		{7C661E6C-A389-4586-8FF8-15E9B0441446} = {428B3FDE-9E6C-48D8-A85B-E2D7C6FCFDCD}
		{24DD32D6-7FAC-42D8-B8B6-F0F548303A1F} = {428B3FDE-9E6C-48D8-A85B-E2D7C6FCFDCD}
		{8EEABFA7-AEF4-469A-B99B-911492B3425A} = {428B3FDE-9E6C-48D8-A85B-E2D7C6FCFDCD}
		{527DB3C0-9492-4E38-876C-CC1148A259E8} = {428B3FDE-9E6C-48D8-A85B-E2D7C6FCFDCD}
	EndGlobalSection
	GlobalSection(ExtensibilityGlobals) = postSolution
		SolutionGuid = {82B6AABD-B237-407E-A2A1-AC74A337D368}
	EndGlobalSection
EndGlobal
